
Microsoft Visual Studio Solution File, Format Version 12.00
# Visual Studio Version 18
VisualStudioVersion = 18.5.11626.173
MinimumVisualStudioVersion = 10.0.40219.1
Project("{2150E333-8FDC-42A3-9474-1A3956D46DE8}") = "sportson-view", "sportson-view", "{E95F8371-1062-706C-F39C-F801E4315673}"
EndProject
Project("{FAE04EC0-301F-11D3-BF4B-00C04F79EFBC}") = "SportsonView.API", "sportson-view\SportsonView.API\SportsonView.API.csproj", "{29371F1C-ACB8-D104-D707-83E88441B21F}"
EndProject
Project("{2150E333-8FDC-42A3-9474-1A3956D46DE8}") = "SportsonView.API", "SportsonView.API", "{ECBBFB6F-F549-E15E-7C90-868ADC93D05B}"
EndProject
Project("{FAE04EC0-301F-11D3-BF4B-00C04F79EFBC}") = "SportsonView.API.Tests", "sportson-view\SportsonView.API\SportsonView.API.Tests\SportsonView.API.Tests.csproj", "{BCC55053-30CA-44F4-9C95-ACF1ECBE3367}"
EndProject
Global
	GlobalSection(SolutionConfigurationPlatforms) = preSolution
		Debug|Any CPU = Debug|Any CPU
		Debug|x64 = Debug|x64
		Debug|x86 = Debug|x86
		Release|Any CPU = Release|Any CPU
		Release|x64 = Release|x64
		Release|x86 = Release|x86
	EndGlobalSection
	GlobalSection(ProjectConfigurationPlatforms) = postSolution
		{29371F1C-ACB8-D104-D707-83E88441B21F}.Debug|Any CPU.ActiveCfg = Debug|Any CPU
		{29371F1C-ACB8-D104-D707-83E88441B21F}.Debug|Any CPU.Build.0 = Debug|Any CPU
		{29371F1C-ACB8-D104-D707-83E88441B21F}.Debug|x64.ActiveCfg = Debug|Any CPU
		{29371F1C-ACB8-D104-D707-83E88441B21F}.Debug|x64.Build.0 = Debug|Any CPU
		{29371F1C-ACB8-D104-D707-83E88441B21F}.Debug|x86.ActiveCfg = Debug|Any CPU
		{29371F1C-ACB8-D104-D707-83E88441B21F}.Debug|x86.Build.0 = Debug|Any CPU
		{29371F1C-ACB8-D104-D707-83E88441B21F}.Release|Any CPU.ActiveCfg = Release|Any CPU
		{29371F1C-ACB8-D104-D707-83E88441B21F}.Release|Any CPU.Build.0 = Release|Any CPU
		{29371F1C-ACB8-D104-D707-83E88441B21F}.Release|x64.ActiveCfg = Release|Any CPU
		{29371F1C-ACB8-D104-D707-83E88441B21F}.Release|x64.Build.0 = Release|Any CPU
		{29371F1C-ACB8-D104-D707-83E88441B21F}.Release|x86.ActiveCfg = Release|Any CPU
		{29371F1C-ACB8-D104-D707-83E88441B21F}.Release|x86.Build.0 = Release|Any CPU
		{BCC55053-30CA-44F4-9C95-ACF1ECBE3367}.Debug|Any CPU.ActiveCfg = Debug|Any CPU
		{BCC55053-30CA-44F4-9C95-ACF1ECBE3367}.Debug|Any CPU.Build.0 = Debug|Any CPU
		{BCC55053-30CA-44F4-9C95-ACF1ECBE3367}.Debug|x64.ActiveCfg = Debug|Any CPU
		{BCC55053-30CA-44F4-9C95-ACF1ECBE3367}.Debug|x64.Build.0 = Debug|Any CPU
		{BCC55053-30CA-44F4-9C95-ACF1ECBE3367}.Debug|x86.ActiveCfg = Debug|Any CPU
		{BCC55053-30CA-44F4-9C95-ACF1ECBE3367}.Debug|x86.Build.0 = Debug|Any CPU
		{BCC55053-30CA-44F4-9C95-ACF1ECBE3367}.Release|Any CPU.ActiveCfg = Release|Any CPU
		{BCC55053-30CA-44F4-9C95-ACF1ECBE3367}.Release|Any CPU.Build.0 = Release|Any CPU
		{BCC55053-30CA-44F4-9C95-ACF1ECBE3367}.Release|x64.ActiveCfg = Release|Any CPU
		{BCC55053-30CA-44F4-9C95-ACF1ECBE3367}.Release|x64.Build.0 = Release|Any CPU
		{BCC55053-30CA-44F4-9C95-ACF1ECBE3367}.Release|x86.ActiveCfg = Release|Any CPU
		{BCC55053-30CA-44F4-9C95-ACF1ECBE3367}.Release|x86.Build.0 = Release|Any CPU
	EndGlobalSection
	GlobalSection(SolutionProperties) = preSolution
		HideSolutionNode = FALSE
	EndGlobalSection
	GlobalSection(NestedProjects) = preSolution
		{29371F1C-ACB8-D104-D707-83E88441B21F} = {E95F8371-1062-706C-F39C-F801E4315673}
		{ECBBFB6F-F549-E15E-7C90-868ADC93D05B} = {E95F8371-1062-706C-F39C-F801E4315673}
		{BCC55053-30CA-44F4-9C95-ACF1ECBE3367} = {ECBBFB6F-F549-E15E-7C90-868ADC93D05B}
	EndGlobalSection
	GlobalSection(ExtensibilityGlobals) = postSolution
		SolutionGuid = {708AFAA1-A9E9-47C9-A446-4EF62C54BD06}
	EndGlobalSection
EndGlobal
